# THIS IS AN AUTOGENERATED FILE. DO NOT EDIT THIS FILE DIRECTLY.
# yarn lockfile v1


"@types/node@*":
  version "24.10.1"
  resolved "https://registry.yarnpkg.com/@types/node/-/node-24.10.1.tgz#91e92182c93db8bd6224fca031e2370cef9a8f01"
  integrity sha512-GNWcUTRBgIRJD5zj+Tq0fKOJ5XZajIiBroOF0yvj2bSU1WvNdYS/dn9UxwsujGW4JX06dnHyjV2y9rRaybH0iQ==
  dependencies:
    undici-types "~7.16.0"

adm-zip@^0.5.10:
  version "0.5.16"
  resolved "https://registry.yarnpkg.com/adm-zip/-/adm-zip-0.5.16.tgz#0b5e4c779f07dedea5805cdccb1147071d94a909"
  integrity sha512-TGw5yVi4saajsSEgz25grObGHEUaDrniwvA2qwSC060KfqGPdglhvPMA2lPIoxs3PQIItj2iag35fONcQqgUaQ==

array-hyper-unique@^2.1.4:
  version "2.1.6"
  resolved "https://registry.yarnpkg.com/array-hyper-unique/-/array-hyper-unique-2.1.6.tgz#429412fd63b7bd7c920f6cdbf60d1dd292855b2e"
  integrity sha512-BdlHRqjKSYs88WFaVNVEc6Kv8ln/FdzCKPbcDPuWs4/EXkQFhnjc8TyR7hnPxRjcjo5LKOhUMGUWpAqRgeJvpA==
  dependencies:
    deep-eql "= 4.0.0"
    lodash "^4.17.21"

bluebird@^3.7.2:
  version "3.7.2"
  resolved "https://registry.yarnpkg.com/bluebird/-/bluebird-3.7.2.tgz#9f229c15be272454ffa973ace0dbee79a1b0c36f"
  integrity sha512-XpNj6GDQzdfW+r2Wnn7xiSAd7TM3jzkxGXBGTtWKuSXv1xUV+azxAm8jdWZN06QTQk+2N2XB9jRDkvbmQmcRtg==

crlf-normalize@^1.0.19:
  version "1.0.20"
  resolved "https://registry.yarnpkg.com/crlf-normalize/-/crlf-normalize-1.0.20.tgz#0b3105d3de807bce8a7599113235d725fe9361a8"
  integrity sha512-h/rBerTd3YHQGfv7tNT25mfhWvRq2BBLCZZ80GFarFxf6HQGbpW6iqDL3N+HBLpjLfAdcBXfWAzVlLfHkRUQBQ==
  dependencies:
    ts-type ">=2"

"deep-eql@= 4.0.0":
  version "4.0.0"
  resolved "https://registry.yarnpkg.com/deep-eql/-/deep-eql-4.0.0.tgz#c70af2713a4e18d9c2c1203ff9d11abbd51c8fbd"
  integrity sha512-GxJC5MOg2KyQlv6WiUF/VAnMj4MWnYiXo4oLgeptOELVoknyErb4Z8+5F/IM/K4g9/80YzzatxmWcyRwUseH0A==
  dependencies:
    type-detect "^4.0.0"

epub2@^3.0.2:
  version "3.0.2"
  resolved "https://registry.yarnpkg.com/epub2/-/epub2-3.0.2.tgz#eee764e2b6b965d36c7713736bd49f6941d8c9c4"
  integrity sha512-rhvpt27CV5MZfRetfNtdNwi3XcNg1Am0TwfveJkK8YWeHItHepQ8Js9J06v8XRIjuTrCW/NSGYMTy55Of7BfNQ==
  dependencies:
    adm-zip "^0.5.10"
    array-hyper-unique "^2.1.4"
    bluebird "^3.7.2"
    crlf-normalize "^1.0.19"
    tslib "^2.6.2"
    xml2js "^0.6.2"

lodash@^4.17.21:
  version "4.17.21"
  resolved "https://registry.yarnpkg.com/lodash/-/lodash-4.17.21.tgz#679591c564c3bffaae8454cf0b3df370c3d6911c"
  integrity sha512-v2kDEe57lecTulaDIuNTPy3Ry4gLGJ6Z1O3vE1krgXZNrsQ+LFTGHVxVjcXPs17LhbZVGedAJv8XZ1tvj5FvSg==

sax@>=0.6.0:
  version "1.4.3"
  resolved "https://registry.yarnpkg.com/sax/-/sax-1.4.3.tgz#fcebae3b756cdc8428321805f4b70f16ec0ab5db"
  integrity sha512-yqYn1JhPczigF94DMS+shiDMjDowYO6y9+wB/4WgO0Y19jWYk0lQ4tuG5KI7kj4FTp1wxPj5IFfcrz/s1c3jjQ==

ts-type@>=2:
  version "3.0.1"
  resolved "https://registry.yarnpkg.com/ts-type/-/ts-type-3.0.1.tgz#b52e7623065e0beb43c77c426347d85cf81dff84"
  integrity sha512-cleRydCkBGBFQ4KAvLH0ARIkciduS745prkGVVxPGvcRGhMMoSJUB7gNR1ByKhFTEYrYRg2CsMRGYnqp+6op+g==
  dependencies:
    "@types/node" "*"
    tslib ">=2"
    typedarray-dts "^1.0.0"

tslib@>=2, tslib@^2.6.2:
  version "2.8.1"
  resolved "https://registry.yarnpkg.com/tslib/-/tslib-2.8.1.tgz#612efe4ed235d567e8aba5f2a5fab70280ade83f"
  integrity sha512-oJFu94HQb+KVduSUQL7wnpmqnfmLsOA/nAh6b6EH0wCEoK0/mPeXU6c3wKDV83MkOuHPRHtSXKKU99IBazS/2w==

type-detect@^4.0.0:
  version "4.1.0"
  resolved "https://registry.yarnpkg.com/type-detect/-/type-detect-4.1.0.tgz#deb2453e8f08dcae7ae98c626b13dddb0155906c"
  integrity sha512-Acylog8/luQ8L7il+geoSxhEkazvkslg7PSNKOX59mbB9cOveP5aq9h74Y7YU8yDpJwetzQQrfIwtf4Wp4LKcw==

typedarray-dts@^1.0.0:
  version "1.0.0"
  resolved "https://registry.yarnpkg.com/typedarray-dts/-/typedarray-dts-1.0.0.tgz#9dec9811386dbfba964c295c2606cf9a6b982d06"
  integrity sha512-Ka0DBegjuV9IPYFT1h0Qqk5U4pccebNIJCGl8C5uU7xtOs+jpJvKGAY4fHGK25hTmXZOEUl9Cnsg5cS6K/b5DA==

undici-types@~7.16.0:
  version "7.16.0"
  resolved "https://registry.yarnpkg.com/undici-types/-/undici-types-7.16.0.tgz#ffccdff36aea4884cbfce9a750a0580224f58a46"
  integrity sha512-Zz+aZWSj8LE6zoxD+xrjh4VfkIG8Ya6LvYkZqtUQGJPZjYl53ypCaUwWqo7eI0x66KBGeRo+mlBEkMSeSZ38Nw==

xml2js@^0.6.2:
  version "0.6.2"
  resolved "https://registry.yarnpkg.com/xml2js/-/xml2js-0.6.2.tgz#dd0b630083aa09c161e25a4d0901e2b2a929b499"
  integrity sha512-T4rieHaC1EXcES0Kxxj4JWgaUQHDk+qwHcYOCFHfiwKz7tOVPLq7Hjq9dM1WCMhylqMEfP7hMcOIChvotiZegA==
  dependencies:
    sax ">=0.6.0"
    xmlbuilder "~11.0.0"

xmlbuilder@~11.0.0:
  version "11.0.1"
  resolved "https://registry.yarnpkg.com/xmlbuilder/-/xmlbuilder-11.0.1.tgz#be9bae1c8a046e76b31127726347d0ad7002beb3"
  integrity sha512-fDlsI/kFEx7gLvbecc0/ohLG50fugQp8ryHzMTuW9vSa1GJ0XYWKnhsUx7oie3G98+r56aTQIUB4kht42R3JvA==
